// !$*UTF8*$!
{
	archiveVersion = 1;
	classes = {
	};
	objectVersion = 46;
	objects = {

/* Begin PBXBuildFile section */
		9B1B611E16A5915B00731232 /* LessonObject.m in Sources */ = {isa = PBXBuildFile; fileRef = 9B1B611D16A5915B00731232 /* LessonObject.m */; };
		9B1B612016A5934500731232 /* LessonList.json in Resources */ = {isa = PBXBuildFile; fileRef = 9B1B611F16A5934500731232 /* LessonList.json */; };
		9B1B612316A597AA00731232 /* DetailLessonViewController.m in Sources */ = {isa = PBXBuildFile; fileRef = 9B1B612216A597AA00731232 /* DetailLessonViewController.m */; };
		9B1B612D16A59F8200731232 /* CoreLocation.framework in Frameworks */ = {isa = PBXBuildFile; fileRef = 9B1B612C16A59F8200731232 /* CoreLocation.framework */; };
		9B1B612F16A59F8C00731232 /* MapKit.framework in Frameworks */ = {isa = PBXBuildFile; fileRef = 9B1B612E16A59F8C00731232 /* MapKit.framework */; };
		9B2B65A916245C8600149ADD /* AppDelegate.m in Sources */ = {isa = PBXBuildFile; fileRef = 9B2B659F16245C8600149ADD /* AppDelegate.m */; };
		9B2B65AA16245C8600149ADD /* bouteille15.png in Resources */ = {isa = PBXBuildFile; fileRef = 9B2B65A016245C8600149ADD /* bouteille15.png */; };
		9B2B65AB16245C8600149ADD /* DetailListViewController.m in Sources */ = {isa = PBXBuildFile; fileRef = 9B2B65A216245C8600149ADD /* DetailListViewController.m */; };
		9B2B65AC16245C8600149ADD /* DetailListViewController.xib in Resources */ = {isa = PBXBuildFile; fileRef = 9B2B65A316245C8600149ADD /* DetailListViewController.xib */; };
		9B2B65AD16245C8600149ADD /* InfoPlist.strings in Resources */ = {isa = PBXBuildFile; fileRef = 9B2B65A416245C8600149ADD /* InfoPlist.strings */; };
		9B2B65AE16245C8600149ADD /* main.m in Sources */ = {isa = PBXBuildFile; fileRef = 9B2B65A616245C8600149ADD /* main.m */; };
		9B2B65AF16245C8600149ADD /* TableView-Info.plist in Resources */ = {isa = PBXBuildFile; fileRef = 9B2B65A716245C8600149ADD /* TableView-Info.plist */; };
		9B2B65D616245CAE00149ADD /* bouteille.png in Resources */ = {isa = PBXBuildFile; fileRef = 9B2B65B316245CAE00149ADD /* bouteille.png */; };
		9B2B65D716245CAE00149ADD /* bouteille@2x.png in Resources */ = {isa = PBXBuildFile; fileRef = 9B2B65B416245CAE00149ADD /* bouteille@2x.png */; };
		9B2B65D816245CAE00149ADD /* DebuggerDetailViewController.m in Sources */ = {isa = PBXBuildFile; fileRef = 9B2B65B616245CAE00149ADD /* DebuggerDetailViewController.m */; };
		9B2B65D916245CAE00149ADD /* DebuggerDetailViewController.xib in Resources */ = {isa = PBXBuildFile; fileRef = 9B2B65B716245CAE00149ADD /* DebuggerDetailViewController.xib */; };
		9B2B65DA16245CAE00149ADD /* DebuggerViewController.m in Sources */ = {isa = PBXBuildFile; fileRef = 9B2B65B916245CAE00149ADD /* DebuggerViewController.m */; };
		9B2B65DB16245CAE00149ADD /* DownloadManager.m in Sources */ = {isa = PBXBuildFile; fileRef = 9B2B65BC16245CAE00149ADD /* DownloadManager.m */; };
		9B2B65DC16245CAE00149ADD /* DownloadOperation.m in Sources */ = {isa = PBXBuildFile; fileRef = 9B2B65BE16245CAE00149ADD /* DownloadOperation.m */; };
		9B2B65DE16245CAE00149ADD /* File.json in Resources */ = {isa = PBXBuildFile; fileRef = 9B2B65C116245CAE00149ADD /* File.json */; };
		9B2B65DF16245CAE00149ADD /* LocalFileViewController.m in Sources */ = {isa = PBXBuildFile; fileRef = 9B2B65C316245CAE00149ADD /* LocalFileViewController.m */; };
		9B2B65E016245CAE00149ADD /* LocalFileViewController.xib in Resources */ = {isa = PBXBuildFile; fileRef = 9B2B65C416245CAE00149ADD /* LocalFileViewController.xib */; };
		9B2B65E316245CAE00149ADD /* PerformanceCell.m in Sources */ = {isa = PBXBuildFile; fileRef = 9B2B65C916245CAE00149ADD /* PerformanceCell.m */; };
		9B2B65E416245CAE00149ADD /* PerformancesViewController.m in Sources */ = {isa = PBXBuildFile; fileRef = 9B2B65CB16245CAE00149ADD /* PerformancesViewController.m */; };
		9B2B65E616245CAE00149ADD /* YouTubeManager.m in Sources */ = {isa = PBXBuildFile; fileRef = 9B2B65CF16245CAE00149ADD /* YouTubeManager.m */; };
		9B2B65E716245CAE00149ADD /* YouTubeVideo.m in Sources */ = {isa = PBXBuildFile; fileRef = 9B2B65D116245CAE00149ADD /* YouTubeVideo.m */; };
		9B2B65F616245E9E00149ADD /* 142-wine-bottle.png in Resources */ = {isa = PBXBuildFile; fileRef = 9B2B65F516245E9E00149ADD /* 142-wine-bottle.png */; };
		9B2B65F916245FB800149ADD /* LessonViewController.m in Sources */ = {isa = PBXBuildFile; fileRef = 9B2B65F816245FB800149ADD /* LessonViewController.m */; };
		9B2B65FD1624606600149ADD /* 137-presentation.png in Resources */ = {isa = PBXBuildFile; fileRef = 9B2B65FC1624606600149ADD /* 137-presentation.png */; };
		9B2B65FF162460B600149ADD /* 80-shopping-cart.png in Resources */ = {isa = PBXBuildFile; fileRef = 9B2B65FE162460B600149ADD /* 80-shopping-cart.png */; };
		9B2B66011624613B00149ADD /* 123-id-card.png in Resources */ = {isa = PBXBuildFile; fileRef = 9B2B66001624613B00149ADD /* 123-id-card.png */; };
		9B2B6605162461D700149ADD /* OrderViewController.m in Sources */ = {isa = PBXBuildFile; fileRef = 9B2B6604162461D700149ADD /* OrderViewController.m */; };
		9B2CE3C3161C7E3100EFC86A /* iCarousel.m in Sources */ = {isa = PBXBuildFile; fileRef = 9B2CE3C2161C7E3100EFC86A /* iCarousel.m */; };
		9B2CE3C9161C7E3900EFC86A /* LBYouTubePlayerController.m in Sources */ = {isa = PBXBuildFile; fileRef = 9B2CE3C6161C7E3900EFC86A /* LBYouTubePlayerController.m */; };
		9B2CE3CA161C7E3900EFC86A /* LBYouTubePlayerViewController.m in Sources */ = {isa = PBXBuildFile; fileRef = 9B2CE3C8161C7E3900EFC86A /* LBYouTubePlayerViewController.m */; };
		9B2CE3D0161C7F3E00EFC86A /* CHANGELOG.md in Resources */ = {isa = PBXBuildFile; fileRef = 9B2CE3CC161C7F3E00EFC86A /* CHANGELOG.md */; };
		9B2CE3D1161C7F3E00EFC86A /* JSONKit.m in Sources */ = {isa = PBXBuildFile; fileRef = 9B2CE3CE161C7F3E00EFC86A /* JSONKit.m */; settings = {COMPILER_FLAGS = "-fno-objc-arc"; }; };
		9B2CE3D2161C7F3E00EFC86A /* README.md in Resources */ = {isa = PBXBuildFile; fileRef = 9B2CE3CF161C7F3E00EFC86A /* README.md */; };
		9B2CE3D4161C809F00EFC86A /* QuartzCore.framework in Frameworks */ = {isa = PBXBuildFile; fileRef = 9B2CE3D3161C809F00EFC86A /* QuartzCore.framework */; };
		9B2CE3D6161C80B500EFC86A /* MediaPlayer.framework in Frameworks */ = {isa = PBXBuildFile; fileRef = 9B2CE3D5161C80B500EFC86A /* MediaPlayer.framework */; };
		9B2FAB1716A4092B00799538 /* SampleLoadViewController.m in Sources */ = {isa = PBXBuildFile; fileRef = 9B2FAB1316A4092B00799538 /* SampleLoadViewController.m */; };
		9B2FAB1816A4092B00799538 /* SampleLoad.json in Resources */ = {isa = PBXBuildFile; fileRef = 9B2FAB1416A4092B00799538 /* SampleLoad.json */; };
		9B2FAB1916A4092B00799538 /* Contact.m in Sources */ = {isa = PBXBuildFile; fileRef = 9B2FAB1616A4092B00799538 /* Contact.m */; };
		9B2FAB3616A43A9900799538 /* MyProfileViewController.m in Sources */ = {isa = PBXBuildFile; fileRef = 9B2FAB3516A43A9900799538 /* MyProfileViewController.m */; };
		9B2FAB3D16A4538300799538 /* DetailWineViewController.m in Sources */ = {isa = PBXBuildFile; fileRef = 9B2FAB3C16A4538200799538 /* DetailWineViewController.m */; };
		9B335C19160C9549004885DC /* UIKit.framework in Frameworks */ = {isa = PBXBuildFile; fileRef = 9B335C18160C9549004885DC /* UIKit.framework */; };
		9B335C1B160C9549004885DC /* Foundation.framework in Frameworks */ = {isa = PBXBuildFile; fileRef = 9B335C1A160C9549004885DC /* Foundation.framework */; };
		9B335C1D160C9549004885DC /* CoreGraphics.framework in Frameworks */ = {isa = PBXBuildFile; fileRef = 9B335C1C160C9549004885DC /* CoreGraphics.framework */; };
		9B335C31160C956E004885DC /* DataListViewController.m in Sources */ = {isa = PBXBuildFile; fileRef = 9B335C30160C956E004885DC /* DataListViewController.m */; };
		9B335C39160CA04A004885DC /* CustomCell.m in Sources */ = {isa = PBXBuildFile; fileRef = 9B335C38160CA04A004885DC /* CustomCell.m */; };
		9B5E9D4E1639244400DDDBDD /* 43-film-roll.png in Resources */ = {isa = PBXBuildFile; fileRef = 9B5E9D4D1639244400DDDBDD /* 43-film-roll.png */; };
		9B5E9D5E1639397700DDDBDD /* ProfileViewController.m in Sources */ = {isa = PBXBuildFile; fileRef = 9B5E9D5C1639397600DDDBDD /* ProfileViewController.m */; };
		9B5E9D5F1639397700DDDBDD /* ProfileViewController.xib in Resources */ = {isa = PBXBuildFile; fileRef = 9B5E9D5D1639397600DDDBDD /* ProfileViewController.xib */; };
		9B5E9D6616393C5700DDDBDD /* MovieViewController.m in Sources */ = {isa = PBXBuildFile; fileRef = 9B5E9D6416393C5700DDDBDD /* MovieViewController.m */; };
		9B5E9D6716393C5700DDDBDD /* MovieViewController.xib in Resources */ = {isa = PBXBuildFile; fileRef = 9B5E9D6516393C5700DDDBDD /* MovieViewController.xib */; };
		9B5E9D6C16393FD300DDDBDD /* 111-user.png in Resources */ = {isa = PBXBuildFile; fileRef = 9B5E9D6B16393FD300DDDBDD /* 111-user.png */; };
		9B86EFC8169EBAD500F9C8F9 /* logo.png in Resources */ = {isa = PBXBuildFile; fileRef = 9B86EFC7169EBAD500F9C8F9 /* logo.png */; };
		A6944BFB16A1DA9C008476A4 /* Czaristite.ttf in Resources */ = {isa = PBXBuildFile; fileRef = A6944BFA16A1DA9C008476A4 /* Czaristite.ttf */; };
		A6944BFE16A1E048008476A4 /* CzaristiteBold.ttf in Resources */ = {isa = PBXBuildFile; fileRef = A6944BFD16A1E048008476A4 /* CzaristiteBold.ttf */; };
		A6C78B4316A5D14500C58B1D /* WineObject.m in Sources */ = {isa = PBXBuildFile; fileRef = A6C78B4216A5C97200C58B1D /* WineObject.m */; };
		A6C78B4416A6039E00C58B1D /* WineList.json in Resources */ = {isa = PBXBuildFile; fileRef = A6C78B4016A5C97200C58B1D /* WineList.json */; };
		A6D05C1416A611C1004C093C /* WineViewController.m in Sources */ = {isa = PBXBuildFile; fileRef = A6D05C1316A611C1004C093C /* WineViewController.m */; };
		A6D05C1916A61249004C093C /* YouTubeViewController.m in Sources */ = {isa = PBXBuildFile; fileRef = A6D05C1716A61249004C093C /* YouTubeViewController.m */; };
		A6D05C1A16A61249004C093C /* YouTubeViewController.xib in Resources */ = {isa = PBXBuildFile; fileRef = A6D05C1816A61249004C093C /* YouTubeViewController.xib */; };
/* End PBXBuildFile section */

/* Begin PBXFileReference section */
		9B1B611C16A5915B00731232 /* LessonObject.h */ = {isa = PBXFileReference; fileEncoding = 4; lastKnownFileType = sourcecode.c.h; path = LessonObject.h; sourceTree = "<group>"; };
		9B1B611D16A5915B00731232 /* LessonObject.m */ = {isa = PBXFileReference; fileEncoding = 4; lastKnownFileType = sourcecode.c.objc; path = LessonObject.m; sourceTree = "<group>"; };
		9B1B611F16A5934500731232 /* LessonList.json */ = {isa = PBXFileReference; fileEncoding = 4; lastKnownFileType = text.json; path = LessonList.json; sourceTree = "<group>"; };
		9B1B612116A597AA00731232 /* DetailLessonViewController.h */ = {isa = PBXFileReference; fileEncoding = 4; lastKnownFileType = sourcecode.c.h; path = DetailLessonViewController.h; sourceTree = "<group>"; };
		9B1B612216A597AA00731232 /* DetailLessonViewController.m */ = {isa = PBXFileReference; fileEncoding = 4; lastKnownFileType = sourcecode.c.objc; path = DetailLessonViewController.m; sourceTree = "<group>"; };
		9B1B612C16A59F8200731232 /* CoreLocation.framework */ = {isa = PBXFileReference; lastKnownFileType = wrapper.framework; name = CoreLocation.framework; path = System/Library/Frameworks/CoreLocation.framework; sourceTree = SDKROOT; };
		9B1B612E16A59F8C00731232 /* MapKit.framework */ = {isa = PBXFileReference; lastKnownFileType = wrapper.framework; name = MapKit.framework; path = System/Library/Frameworks/MapKit.framework; sourceTree = SDKROOT; };
		9B2B659E16245C8600149ADD /* AppDelegate.h */ = {isa = PBXFileReference; fileEncoding = 4; lastKnownFileType = sourcecode.c.h; path = AppDelegate.h; sourceTree = "<group>"; };
		9B2B659F16245C8600149ADD /* AppDelegate.m */ = {isa = PBXFileReference; fileEncoding = 4; lastKnownFileType = sourcecode.c.objc; path = AppDelegate.m; sourceTree = "<group>"; };
		9B2B65A016245C8600149ADD /* bouteille15.png */ = {isa = PBXFileReference; lastKnownFileType = image.png; path = bouteille15.png; sourceTree = "<group>"; };
		9B2B65A116245C8600149ADD /* DetailListViewController.h */ = {isa = PBXFileReference; fileEncoding = 4; lastKnownFileType = sourcecode.c.h; path = DetailListViewController.h; sourceTree = "<group>"; };
		9B2B65A216245C8600149ADD /* DetailListViewController.m */ = {isa = PBXFileReference; fileEncoding = 4; lastKnownFileType = sourcecode.c.objc; path = DetailListViewController.m; sourceTree = "<group>"; };
		9B2B65A316245C8600149ADD /* DetailListViewController.xib */ = {isa = PBXFileReference; fileEncoding = 4; lastKnownFileType = file.xib; path = DetailListViewController.xib; sourceTree = "<group>"; };
		9B2B65A516245C8600149ADD /* en */ = {isa = PBXFileReference; lastKnownFileType = text.plist.strings; name = en; path = en.lproj/InfoPlist.strings; sourceTree = "<group>"; };
		9B2B65A616245C8600149ADD /* main.m */ = {isa = PBXFileReference; fileEncoding = 4; lastKnownFileType = sourcecode.c.objc; path = main.m; sourceTree = "<group>"; };
		9B2B65A716245C8600149ADD /* TableView-Info.plist */ = {isa = PBXFileReference; fileEncoding = 4; lastKnownFileType = text.plist.xml; path = "TableView-Info.plist"; sourceTree = "<group>"; };
		9B2B65A816245C8600149ADD /* TableView-Prefix.pch */ = {isa = PBXFileReference; fileEncoding = 4; lastKnownFileType = sourcecode.c.h; path = "TableView-Prefix.pch"; sourceTree = "<group>"; };
		9B2B65B316245CAE00149ADD /* bouteille.png */ = {isa = PBXFileReference; lastKnownFileType = image.png; path = bouteille.png; sourceTree = "<group>"; };
		9B2B65B416245CAE00149ADD /* bouteille@2x.png */ = {isa = PBXFileReference; lastKnownFileType = image.png; path = "bouteille@2x.png"; sourceTree = "<group>"; };
		9B2B65B516245CAE00149ADD /* DebuggerDetailViewController.h */ = {isa = PBXFileReference; fileEncoding = 4; lastKnownFileType = sourcecode.c.h; path = DebuggerDetailViewController.h; sourceTree = "<group>"; };
		9B2B65B616245CAE00149ADD /* DebuggerDetailViewController.m */ = {isa = PBXFileReference; fileEncoding = 4; lastKnownFileType = sourcecode.c.objc; path = DebuggerDetailViewController.m; sourceTree = "<group>"; };
		9B2B65B716245CAE00149ADD /* DebuggerDetailViewController.xib */ = {isa = PBXFileReference; fileEncoding = 4; lastKnownFileType = file.xib; path = DebuggerDetailViewController.xib; sourceTree = "<group>"; };
		9B2B65B816245CAE00149ADD /* DebuggerViewController.h */ = {isa = PBXFileReference; fileEncoding = 4; lastKnownFileType = sourcecode.c.h; path = DebuggerViewController.h; sourceTree = "<group>"; };
		9B2B65B916245CAE00149ADD /* DebuggerViewController.m */ = {isa = PBXFileReference; fileEncoding = 4; lastKnownFileType = sourcecode.c.objc; path = DebuggerViewController.m; sourceTree = "<group>"; };
		9B2B65BA16245CAE00149ADD /* DownloadDelegate.h */ = {isa = PBXFileReference; fileEncoding = 4; lastKnownFileType = sourcecode.c.h; path = DownloadDelegate.h; sourceTree = "<group>"; };
		9B2B65BB16245CAE00149ADD /* DownloadManager.h */ = {isa = PBXFileReference; fileEncoding = 4; lastKnownFileType = sourcecode.c.h; path = DownloadManager.h; sourceTree = "<group>"; };
		9B2B65BC16245CAE00149ADD /* DownloadManager.m */ = {isa = PBXFileReference; fileEncoding = 4; lastKnownFileType = sourcecode.c.objc; path = DownloadManager.m; sourceTree = "<group>"; };
		9B2B65BD16245CAE00149ADD /* DownloadOperation.h */ = {isa = PBXFileReference; fileEncoding = 4; lastKnownFileType = sourcecode.c.h; path = DownloadOperation.h; sourceTree = "<group>"; };
		9B2B65BE16245CAE00149ADD /* DownloadOperation.m */ = {isa = PBXFileReference; fileEncoding = 4; lastKnownFileType = sourcecode.c.objc; path = DownloadOperation.m; sourceTree = "<group>"; };
		9B2B65C116245CAE00149ADD /* File.json */ = {isa = PBXFileReference; fileEncoding = 4; lastKnownFileType = text.json; path = File.json; sourceTree = "<group>"; };
		9B2B65C216245CAE00149ADD /* LocalFileViewController.h */ = {isa = PBXFileReference; fileEncoding = 4; lastKnownFileType = sourcecode.c.h; path = LocalFileViewController.h; sourceTree = "<group>"; };
		9B2B65C316245CAE00149ADD /* LocalFileViewController.m */ = {isa = PBXFileReference; fileEncoding = 4; lastKnownFileType = sourcecode.c.objc; path = LocalFileViewController.m; sourceTree = "<group>"; };
		9B2B65C416245CAE00149ADD /* LocalFileViewController.xib */ = {isa = PBXFileReference; fileEncoding = 4; lastKnownFileType = file.xib; path = LocalFileViewController.xib; sourceTree = "<group>"; };
		9B2B65C716245CAE00149ADD /* MSToolTips-Prefix.pch */ = {isa = PBXFileReference; fileEncoding = 4; lastKnownFileType = sourcecode.c.h; path = "MSToolTips-Prefix.pch"; sourceTree = "<group>"; };
		9B2B65C816245CAE00149ADD /* PerformanceCell.h */ = {isa = PBXFileReference; fileEncoding = 4; lastKnownFileType = sourcecode.c.h; path = PerformanceCell.h; sourceTree = "<group>"; };
		9B2B65C916245CAE00149ADD /* PerformanceCell.m */ = {isa = PBXFileReference; fileEncoding = 4; lastKnownFileType = sourcecode.c.objc; path = PerformanceCell.m; sourceTree = "<group>"; };
		9B2B65CA16245CAE00149ADD /* PerformancesViewController.h */ = {isa = PBXFileReference; fileEncoding = 4; lastKnownFileType = sourcecode.c.h; path = PerformancesViewController.h; sourceTree = "<group>"; };
		9B2B65CB16245CAE00149ADD /* PerformancesViewController.m */ = {isa = PBXFileReference; fileEncoding = 4; lastKnownFileType = sourcecode.c.objc; path = PerformancesViewController.m; sourceTree = "<group>"; };
		9B2B65CE16245CAE00149ADD /* YouTubeManager.h */ = {isa = PBXFileReference; fileEncoding = 4; lastKnownFileType = sourcecode.c.h; path = YouTubeManager.h; sourceTree = "<group>"; };
		9B2B65CF16245CAE00149ADD /* YouTubeManager.m */ = {isa = PBXFileReference; fileEncoding = 4; lastKnownFileType = sourcecode.c.objc; path = YouTubeManager.m; sourceTree = "<group>"; };
		9B2B65D016245CAE00149ADD /* YouTubeVideo.h */ = {isa = PBXFileReference; fileEncoding = 4; lastKnownFileType = sourcecode.c.h; path = YouTubeVideo.h; sourceTree = "<group>"; };
		9B2B65D116245CAE00149ADD /* YouTubeVideo.m */ = {isa = PBXFileReference; fileEncoding = 4; lastKnownFileType = sourcecode.c.objc; path = YouTubeVideo.m; sourceTree = "<group>"; };
		9B2B65F516245E9E00149ADD /* 142-wine-bottle.png */ = {isa = PBXFileReference; lastKnownFileType = image.png; path = "142-wine-bottle.png"; sourceTree = "<group>"; };
		9B2B65F716245FB800149ADD /* LessonViewController.h */ = {isa = PBXFileReference; fileEncoding = 4; lastKnownFileType = sourcecode.c.h; path = LessonViewController.h; sourceTree = "<group>"; };
		9B2B65F816245FB800149ADD /* LessonViewController.m */ = {isa = PBXFileReference; fileEncoding = 4; lastKnownFileType = sourcecode.c.objc; path = LessonViewController.m; sourceTree = "<group>"; };
		9B2B65FC1624606600149ADD /* 137-presentation.png */ = {isa = PBXFileReference; lastKnownFileType = image.png; path = "137-presentation.png"; sourceTree = "<group>"; };
		9B2B65FE162460B600149ADD /* 80-shopping-cart.png */ = {isa = PBXFileReference; lastKnownFileType = image.png; path = "80-shopping-cart.png"; sourceTree = "<group>"; };
		9B2B66001624613B00149ADD /* 123-id-card.png */ = {isa = PBXFileReference; lastKnownFileType = image.png; path = "123-id-card.png"; sourceTree = "<group>"; };
		9B2B6603162461D600149ADD /* OrderViewController.h */ = {isa = PBXFileReference; fileEncoding = 4; lastKnownFileType = sourcecode.c.h; path = OrderViewController.h; sourceTree = "<group>"; };
		9B2B6604162461D700149ADD /* OrderViewController.m */ = {isa = PBXFileReference; fileEncoding = 4; lastKnownFileType = sourcecode.c.objc; path = OrderViewController.m; sourceTree = "<group>"; };
		9B2CE3C1161C7E3100EFC86A /* iCarousel.h */ = {isa = PBXFileReference; fileEncoding = 4; lastKnownFileType = sourcecode.c.h; path = iCarousel.h; sourceTree = "<group>"; };
		9B2CE3C2161C7E3100EFC86A /* iCarousel.m */ = {isa = PBXFileReference; fileEncoding = 4; lastKnownFileType = sourcecode.c.objc; path = iCarousel.m; sourceTree = "<group>"; };
		9B2CE3C5161C7E3900EFC86A /* LBYouTubePlayerController.h */ = {isa = PBXFileReference; fileEncoding = 4; lastKnownFileType = sourcecode.c.h; path = LBYouTubePlayerController.h; sourceTree = "<group>"; };
		9B2CE3C6161C7E3900EFC86A /* LBYouTubePlayerController.m */ = {isa = PBXFileReference; fileEncoding = 4; lastKnownFileType = sourcecode.c.objc; path = LBYouTubePlayerController.m; sourceTree = "<group>"; };
		9B2CE3C7161C7E3900EFC86A /* LBYouTubePlayerViewController.h */ = {isa = PBXFileReference; fileEncoding = 4; lastKnownFileType = sourcecode.c.h; path = LBYouTubePlayerViewController.h; sourceTree = "<group>"; };
		9B2CE3C8161C7E3900EFC86A /* LBYouTubePlayerViewController.m */ = {isa = PBXFileReference; fileEncoding = 4; lastKnownFileType = sourcecode.c.objc; path = LBYouTubePlayerViewController.m; sourceTree = "<group>"; };
		9B2CE3CC161C7F3E00EFC86A /* CHANGELOG.md */ = {isa = PBXFileReference; fileEncoding = 4; lastKnownFileType = text; path = CHANGELOG.md; sourceTree = "<group>"; };
		9B2CE3CD161C7F3E00EFC86A /* JSONKit.h */ = {isa = PBXFileReference; fileEncoding = 4; lastKnownFileType = sourcecode.c.h; path = JSONKit.h; sourceTree = "<group>"; };
		9B2CE3CE161C7F3E00EFC86A /* JSONKit.m */ = {isa = PBXFileReference; fileEncoding = 4; lastKnownFileType = sourcecode.c.objc; path = JSONKit.m; sourceTree = "<group>"; };
		9B2CE3CF161C7F3E00EFC86A /* README.md */ = {isa = PBXFileReference; fileEncoding = 4; lastKnownFileType = text; path = README.md; sourceTree = "<group>"; };
		9B2CE3D3161C809F00EFC86A /* QuartzCore.framework */ = {isa = PBXFileReference; lastKnownFileType = wrapper.framework; name = QuartzCore.framework; path = System/Library/Frameworks/QuartzCore.framework; sourceTree = SDKROOT; };
		9B2CE3D5161C80B500EFC86A /* MediaPlayer.framework */ = {isa = PBXFileReference; lastKnownFileType = wrapper.framework; name = MediaPlayer.framework; path = System/Library/Frameworks/MediaPlayer.framework; sourceTree = SDKROOT; };
		9B2FAB1216A4092B00799538 /* SampleLoadViewController.h */ = {isa = PBXFileReference; fileEncoding = 4; lastKnownFileType = sourcecode.c.h; path = SampleLoadViewController.h; sourceTree = "<group>"; };
		9B2FAB1316A4092B00799538 /* SampleLoadViewController.m */ = {isa = PBXFileReference; fileEncoding = 4; lastKnownFileType = sourcecode.c.objc; path = SampleLoadViewController.m; sourceTree = "<group>"; };
		9B2FAB1416A4092B00799538 /* SampleLoad.json */ = {isa = PBXFileReference; fileEncoding = 4; lastKnownFileType = text.json; path = SampleLoad.json; sourceTree = "<group>"; };
		9B2FAB1516A4092B00799538 /* Contact.h */ = {isa = PBXFileReference; fileEncoding = 4; lastKnownFileType = sourcecode.c.h; path = Contact.h; sourceTree = "<group>"; };
		9B2FAB1616A4092B00799538 /* Contact.m */ = {isa = PBXFileReference; fileEncoding = 4; lastKnownFileType = sourcecode.c.objc; path = Contact.m; sourceTree = "<group>"; };
		9B2FAB3416A43A9900799538 /* MyProfileViewController.h */ = {isa = PBXFileReference; fileEncoding = 4; lastKnownFileType = sourcecode.c.h; path = MyProfileViewController.h; sourceTree = "<group>"; };
		9B2FAB3516A43A9900799538 /* MyProfileViewController.m */ = {isa = PBXFileReference; fileEncoding = 4; lastKnownFileType = sourcecode.c.objc; path = MyProfileViewController.m; sourceTree = "<group>"; };
		9B2FAB3B16A4538200799538 /* DetailWineViewController.h */ = {isa = PBXFileReference; fileEncoding = 4; lastKnownFileType = sourcecode.c.h; path = DetailWineViewController.h; sourceTree = "<group>"; };
		9B2FAB3C16A4538200799538 /* DetailWineViewController.m */ = {isa = PBXFileReference; fileEncoding = 4; lastKnownFileType = sourcecode.c.objc; path = DetailWineViewController.m; sourceTree = "<group>"; };
		9B335C14160C9549004885DC /* TableView.app */ = {isa = PBXFileReference; explicitFileType = wrapper.application; includeInIndex = 0; path = TableView.app; sourceTree = BUILT_PRODUCTS_DIR; };
		9B335C18160C9549004885DC /* UIKit.framework */ = {isa = PBXFileReference; lastKnownFileType = wrapper.framework; name = UIKit.framework; path = System/Library/Frameworks/UIKit.framework; sourceTree = SDKROOT; };
		9B335C1A160C9549004885DC /* Foundation.framework */ = {isa = PBXFileReference; lastKnownFileType = wrapper.framework; name = Foundation.framework; path = System/Library/Frameworks/Foundation.framework; sourceTree = SDKROOT; };
		9B335C1C160C9549004885DC /* CoreGraphics.framework */ = {isa = PBXFileReference; lastKnownFileType = wrapper.framework; name = CoreGraphics.framework; path = System/Library/Frameworks/CoreGraphics.framework; sourceTree = SDKROOT; };
		9B335C2F160C956E004885DC /* DataListViewController.h */ = {isa = PBXFileReference; fileEncoding = 4; lastKnownFileType = sourcecode.c.h; name = DataListViewController.h; path = ../DataListViewController.h; sourceTree = "<group>"; };
		9B335C30160C956E004885DC /* DataListViewController.m */ = {isa = PBXFileReference; fileEncoding = 4; lastKnownFileType = sourcecode.c.objc; name = DataListViewController.m; path = ../DataListViewController.m; sourceTree = "<group>"; };
		9B335C37160CA04A004885DC /* CustomCell.h */ = {isa = PBXFileReference; fileEncoding = 4; lastKnownFileType = sourcecode.c.h; name = CustomCell.h; path = ../CustomCell.h; sourceTree = "<group>"; };
		9B335C38160CA04A004885DC /* CustomCell.m */ = {isa = PBXFileReference; fileEncoding = 4; lastKnownFileType = sourcecode.c.objc; name = CustomCell.m; path = ../CustomCell.m; sourceTree = "<group>"; };
		9B5E9D4D1639244400DDDBDD /* 43-film-roll.png */ = {isa = PBXFileReference; lastKnownFileType = image.png; name = "43-film-roll.png"; path = "TableView/43-film-roll.png"; sourceTree = SOURCE_ROOT; };
		9B5E9D5B1639397600DDDBDD /* ProfileViewController.h */ = {isa = PBXFileReference; fileEncoding = 4; lastKnownFileType = sourcecode.c.h; path = ProfileViewController.h; sourceTree = "<group>"; };
		9B5E9D5C1639397600DDDBDD /* ProfileViewController.m */ = {isa = PBXFileReference; fileEncoding = 4; lastKnownFileType = sourcecode.c.objc; path = ProfileViewController.m; sourceTree = "<group>"; };
		9B5E9D5D1639397600DDDBDD /* ProfileViewController.xib */ = {isa = PBXFileReference; fileEncoding = 4; lastKnownFileType = file.xib; path = ProfileViewController.xib; sourceTree = "<group>"; };
		9B5E9D6316393C5700DDDBDD /* MovieViewController.h */ = {isa = PBXFileReference; fileEncoding = 4; lastKnownFileType = sourcecode.c.h; path = MovieViewController.h; sourceTree = "<group>"; };
		9B5E9D6416393C5700DDDBDD /* MovieViewController.m */ = {isa = PBXFileReference; fileEncoding = 4; lastKnownFileType = sourcecode.c.objc; path = MovieViewController.m; sourceTree = "<group>"; };
		9B5E9D6516393C5700DDDBDD /* MovieViewController.xib */ = {isa = PBXFileReference; fileEncoding = 4; lastKnownFileType = file.xib; path = MovieViewController.xib; sourceTree = "<group>"; };
		9B5E9D6B16393FD300DDDBDD /* 111-user.png */ = {isa = PBXFileReference; lastKnownFileType = image.png; path = "111-user.png"; sourceTree = "<group>"; };
		9B86EFC7169EBAD500F9C8F9 /* logo.png */ = {isa = PBXFileReference; lastKnownFileType = image.png; path = logo.png; sourceTree = "<group>"; };
		A6944BFA16A1DA9C008476A4 /* Czaristite.ttf */ = {isa = PBXFileReference; lastKnownFileType = file; path = Czaristite.ttf; sourceTree = "<group>"; };
		A6944BFD16A1E048008476A4 /* CzaristiteBold.ttf */ = {isa = PBXFileReference; lastKnownFileType = file; path = CzaristiteBold.ttf; sourceTree = "<group>"; };
		A6C78B3C16A5C97200C58B1D /* champagne-hugues-de-coulmet-maison-pierre-moncuit.png */ = {isa = PBXFileReference; lastKnownFileType = image.png; name = "champagne-hugues-de-coulmet-maison-pierre-moncuit.png"; path = "TableView/champagne-hugues-de-coulmet-maison-pierre-moncuit.png"; sourceTree = SOURCE_ROOT; };
		A6C78B3D16A5C97200C58B1D /* chateau-beard-la-chapelle-saint-emilion-grand-cru-2009.png */ = {isa = PBXFileReference; lastKnownFileType = image.png; name = "chateau-beard-la-chapelle-saint-emilion-grand-cru-2009.png"; path = "TableView/chateau-beard-la-chapelle-saint-emilion-grand-cru-2009.png"; sourceTree = SOURCE_ROOT; };
		A6C78B3E16A5C97200C58B1D /* julienas-2011-remi-paola-benon.png */ = {isa = PBXFileReference; lastKnownFileType = image.png; name = "julienas-2011-remi-paola-benon.png"; path = "TableView/julienas-2011-remi-paola-benon.png"; sourceTree = SOURCE_ROOT; };
		A6C78B3F16A5C97200C58B1D /* la-roche-beaucourt-2010-chateau-pierrail.png */ = {isa = PBXFileReference; lastKnownFileType = image.png; name = "la-roche-beaucourt-2010-chateau-pierrail.png"; path = "TableView/la-roche-beaucourt-2010-chateau-pierrail.png"; sourceTree = SOURCE_ROOT; };
		A6C78B4016A5C97200C58B1D /* WineList.json */ = {isa = PBXFileReference; lastKnownFileType = text.json; name = WineList.json; path = TableView/WineList.json; sourceTree = SOURCE_ROOT; };
		A6C78B4116A5C97200C58B1D /* WineObject.h */ = {isa = PBXFileReference; lastKnownFileType = sourcecode.c.h; name = WineObject.h; path = TableView/WineObject.h; sourceTree = SOURCE_ROOT; };
		A6C78B4216A5C97200C58B1D /* WineObject.m */ = {isa = PBXFileReference; lastKnownFileType = sourcecode.c.objc; name = WineObject.m; path = TableView/WineObject.m; sourceTree = SOURCE_ROOT; };
		A6D05C1216A611C1004C093C /* WineViewController.h */ = {isa = PBXFileReference; fileEncoding = 4; lastKnownFileType = sourcecode.c.h; path = WineViewController.h; sourceTree = "<group>"; };
		A6D05C1316A611C1004C093C /* WineViewController.m */ = {isa = PBXFileReference; fileEncoding = 4; lastKnownFileType = sourcecode.c.objc; path = WineViewController.m; sourceTree = "<group>"; };
		A6D05C1616A61249004C093C /* YouTubeViewController.h */ = {isa = PBXFileReference; fileEncoding = 4; lastKnownFileType = sourcecode.c.h; path = YouTubeViewController.h; sourceTree = "<group>"; };
		A6D05C1716A61249004C093C /* YouTubeViewController.m */ = {isa = PBXFileReference; fileEncoding = 4; lastKnownFileType = sourcecode.c.objc; path = YouTubeViewController.m; sourceTree = "<group>"; };
		A6D05C1816A61249004C093C /* YouTubeViewController.xib */ = {isa = PBXFileReference; fileEncoding = 4; lastKnownFileType = file.xib; path = YouTubeViewController.xib; sourceTree = "<group>"; };
/* End PBXFileReference section */

/* Begin PBXFrameworksBuildPhase section */
		9B335C11160C9549004885DC /* Frameworks */ = {
			isa = PBXFrameworksBuildPhase;
			buildActionMask = 2147483647;
			files = (
				9B1B612F16A59F8C00731232 /* MapKit.framework in Frameworks */,
				9B1B612D16A59F8200731232 /* CoreLocation.framework in Frameworks */,
				9B2CE3D6161C80B500EFC86A /* MediaPlayer.framework in Frameworks */,
				9B2CE3D4161C809F00EFC86A /* QuartzCore.framework in Frameworks */,
				9B335C19160C9549004885DC /* UIKit.framework in Frameworks */,
				9B335C1B160C9549004885DC /* Foundation.framework in Frameworks */,
				9B335C1D160C9549004885DC /* CoreGraphics.framework in Frameworks */,
			);
			runOnlyForDeploymentPostprocessing = 0;
		};
/* End PBXFrameworksBuildPhase section */

/* Begin PBXGroup section */
		9B2B659D16245C8600149ADD /* TableView */ = {
			isa = PBXGroup;
			children = (
				A6D05C1516A6121B004C093C /* YouTube */,
				A6D05C1016A610EB004C093C /* Wine */,
				9B2B66061624623D00149ADD /* Order */,
				9B2B66021624617F00149ADD /* Lessons */,
				9B2B65F416245DD600149ADD /* Init */,
				9B2B65B016245CAE00149ADD /* MSToolTips */,
				9B2B659E16245C8600149ADD /* AppDelegate.h */,
				9B2B659F16245C8600149ADD /* AppDelegate.m */,
				9B2B65A416245C8600149ADD /* InfoPlist.strings */,
				9B86EFC7169EBAD500F9C8F9 /* logo.png */,
				9B2B65A616245C8600149ADD /* main.m */,
				9B2B65A716245C8600149ADD /* TableView-Info.plist */,
				9B2B65A816245C8600149ADD /* TableView-Prefix.pch */,
			);
			path = TableView;
			sourceTree = "<group>";
		};
		9B2B65B016245CAE00149ADD /* MSToolTips */ = {
			isa = PBXGroup;
			children = (
				9B5E9D4F1639246600DDDBDD /* Sample Load File */,
				9B2B65F316245DC400149ADD /* Dowload */,
				9B2B65EE16245D7D00149ADD /* YouTube */,
				9B2B65ED16245D4600149ADD /* Wine */,
				9B2B65EC16245D2A00149ADD /* Performances */,
				9B2B65EB16245D1800149ADD /* Debug */,
				9B2B65EA16245CF000149ADD /* Local */,
				9B2B65C116245CAE00149ADD /* File.json */,
				9B2B65C716245CAE00149ADD /* MSToolTips-Prefix.pch */,
			);
			name = MSToolTips;
			path = MSToolTips/MSToolTips;
			sourceTree = SOURCE_ROOT;
		};
		9B2B65EA16245CF000149ADD /* Local */ = {
			isa = PBXGroup;
			children = (
				9B2B65C216245CAE00149ADD /* LocalFileViewController.h */,
				9B2B65C316245CAE00149ADD /* LocalFileViewController.m */,
				9B2B65C416245CAE00149ADD /* LocalFileViewController.xib */,
			);
			name = Local;
			sourceTree = "<group>";
		};
		9B2B65EB16245D1800149ADD /* Debug */ = {
			isa = PBXGroup;
			children = (
				9B2B65B516245CAE00149ADD /* DebuggerDetailViewController.h */,
				9B2B65B616245CAE00149ADD /* DebuggerDetailViewController.m */,
				9B2B65B716245CAE00149ADD /* DebuggerDetailViewController.xib */,
				9B2B65B816245CAE00149ADD /* DebuggerViewController.h */,
				9B2B65B916245CAE00149ADD /* DebuggerViewController.m */,
			);
			name = Debug;
			sourceTree = "<group>";
		};
		9B2B65EC16245D2A00149ADD /* Performances */ = {
			isa = PBXGroup;
			children = (
				9B2B65C816245CAE00149ADD /* PerformanceCell.h */,
				9B2B65C916245CAE00149ADD /* PerformanceCell.m */,
				9B2B65CA16245CAE00149ADD /* PerformancesViewController.h */,
				9B2B65CB16245CAE00149ADD /* PerformancesViewController.m */,
			);
			name = Performances;
			sourceTree = "<group>";
		};
		9B2B65ED16245D4600149ADD /* Wine */ = {
			isa = PBXGroup;
			children = (
				9B2B65B316245CAE00149ADD /* bouteille.png */,
				9B2B65B416245CAE00149ADD /* bouteille@2x.png */,
			);
			name = Wine;
			sourceTree = "<group>";
		};
		9B2B65EE16245D7D00149ADD /* YouTube */ = {
			isa = PBXGroup;
			children = (
				9B5E9D4D1639244400DDDBDD /* 43-film-roll.png */,
				9B2B65CE16245CAE00149ADD /* YouTubeManager.h */,
				9B2B65CF16245CAE00149ADD /* YouTubeManager.m */,
				9B2B65D016245CAE00149ADD /* YouTubeVideo.h */,
				9B2B65D116245CAE00149ADD /* YouTubeVideo.m */,
			);
			name = YouTube;
			sourceTree = "<group>";
		};
		9B2B65F316245DC400149ADD /* Dowload */ = {
			isa = PBXGroup;
			children = (
				9B2B65BA16245CAE00149ADD /* DownloadDelegate.h */,
				9B2B65BB16245CAE00149ADD /* DownloadManager.h */,
				9B2B65BC16245CAE00149ADD /* DownloadManager.m */,
				9B2B65BD16245CAE00149ADD /* DownloadOperation.h */,
				9B2B65BE16245CAE00149ADD /* DownloadOperation.m */,
			);
			name = Dowload;
			sourceTree = "<group>";
		};
		9B2B65F416245DD600149ADD /* Init */ = {
			isa = PBXGroup;
			children = (
				9B5E9D6A16393DF300DDDBDD /* MovieView */,
				9B5E9D6916393DD500DDDBDD /* ProfileVIew */,
				9B5E9D6816393DC000DDDBDD /* DetailList */,
				9B2B66001624613B00149ADD /* 123-id-card.png */,
				9B335C2F160C956E004885DC /* DataListViewController.h */,
				9B335C30160C956E004885DC /* DataListViewController.m */,
				9B335C37160CA04A004885DC /* CustomCell.h */,
				9B335C38160CA04A004885DC /* CustomCell.m */,
			);
			name = Init;
			sourceTree = "<group>";
		};
		9B2B66021624617F00149ADD /* Lessons */ = {
			isa = PBXGroup;
			children = (
				9B2B65F716245FB800149ADD /* LessonViewController.h */,
				9B2B65F816245FB800149ADD /* LessonViewController.m */,
				9B2B65FC1624606600149ADD /* 137-presentation.png */,
				9B1B611C16A5915B00731232 /* LessonObject.h */,
				9B1B611D16A5915B00731232 /* LessonObject.m */,
				9B1B611F16A5934500731232 /* LessonList.json */,
				9B1B612116A597AA00731232 /* DetailLessonViewController.h */,
				9B1B612216A597AA00731232 /* DetailLessonViewController.m */,
			);
			name = Lessons;
			sourceTree = "<group>";
		};
		9B2B66061624623D00149ADD /* Order */ = {
			isa = PBXGroup;
			children = (
				9B2B6603162461D600149ADD /* OrderViewController.h */,
				9B2B6604162461D700149ADD /* OrderViewController.m */,
				9B2B65FE162460B600149ADD /* 80-shopping-cart.png */,
				9B2FAB3B16A4538200799538 /* DetailWineViewController.h */,
				9B2FAB3C16A4538200799538 /* DetailWineViewController.m */,
			);
			name = Order;
			sourceTree = "<group>";
		};
		9B2CDE13161C7E0000EFC86A /* vendor */ = {
			isa = PBXGroup;
			children = (
				9B2CE3CB161C7F3E00EFC86A /* JSONKit */,
				9B2CE3C4161C7E3900EFC86A /* LBYouTubePlayerController */,
				9B2CE3C0161C7E3100EFC86A /* iCarousel */,
			);
			name = vendor;
			path = MSToolTips/vendor;
			sourceTree = "<group>";
		};
		9B2CE3C0161C7E3100EFC86A /* iCarousel */ = {
			isa = PBXGroup;
			children = (
				9B2CE3C1161C7E3100EFC86A /* iCarousel.h */,
				9B2CE3C2161C7E3100EFC86A /* iCarousel.m */,
			);
			name = iCarousel;
			path = iCarousel/iCarousel;
			sourceTree = "<group>";
		};
		9B2CE3C4161C7E3900EFC86A /* LBYouTubePlayerController */ = {
			isa = PBXGroup;
			children = (
				9B2CE3C5161C7E3900EFC86A /* LBYouTubePlayerController.h */,
				9B2CE3C6161C7E3900EFC86A /* LBYouTubePlayerController.m */,
				9B2CE3C7161C7E3900EFC86A /* LBYouTubePlayerViewController.h */,
				9B2CE3C8161C7E3900EFC86A /* LBYouTubePlayerViewController.m */,
			);
			name = LBYouTubePlayerController;
			path = LBYoutubeView/LBYouTubePlayerController;
			sourceTree = "<group>";
		};
		9B2CE3CB161C7F3E00EFC86A /* JSONKit */ = {
			isa = PBXGroup;
			children = (
				9B2CE3CC161C7F3E00EFC86A /* CHANGELOG.md */,
				9B2CE3CD161C7F3E00EFC86A /* JSONKit.h */,
				9B2CE3CE161C7F3E00EFC86A /* JSONKit.m */,
				9B2CE3CF161C7F3E00EFC86A /* README.md */,
			);
			name = JSONKit;
			path = MSToolTips/vendor/LBYoutubeView/Submodules/JSONKit;
			sourceTree = SOURCE_ROOT;
		};
		9B335C09160C9549004885DC = {
			isa = PBXGroup;
			children = (
				9B2CDE13161C7E0000EFC86A /* vendor */,
				9B2B659D16245C8600149ADD /* TableView */,
				9B335C17160C9549004885DC /* Frameworks */,
				9B335C15160C9549004885DC /* Products */,
			);
			sourceTree = "<group>";
		};
		9B335C15160C9549004885DC /* Products */ = {
			isa = PBXGroup;
			children = (
				9B335C14160C9549004885DC /* TableView.app */,
			);
			name = Products;
			sourceTree = "<group>";
		};
		9B335C17160C9549004885DC /* Frameworks */ = {
			isa = PBXGroup;
			children = (
				9B1B612C16A59F8200731232 /* CoreLocation.framework */,
				9B1B612E16A59F8C00731232 /* MapKit.framework */,
				9B2CE3D5161C80B500EFC86A /* MediaPlayer.framework */,
				9B2CE3D3161C809F00EFC86A /* QuartzCore.framework */,
				9B335C18160C9549004885DC /* UIKit.framework */,
				9B335C1A160C9549004885DC /* Foundation.framework */,
				9B335C1C160C9549004885DC /* CoreGraphics.framework */,
			);
			name = Frameworks;
			sourceTree = "<group>";
		};
		9B5E9D4F1639246600DDDBDD /* Sample Load File */ = {
			isa = PBXGroup;
			children = (
				9B2FAB1216A4092B00799538 /* SampleLoadViewController.h */,
				9B2FAB1316A4092B00799538 /* SampleLoadViewController.m */,
				9B2FAB1416A4092B00799538 /* SampleLoad.json */,
				9B2FAB1516A4092B00799538 /* Contact.h */,
				9B2FAB1616A4092B00799538 /* Contact.m */,
			);
			name = "Sample Load File";
			sourceTree = "<group>";
			wrapsLines = 1;
		};
		9B5E9D6816393DC000DDDBDD /* DetailList */ = {
			isa = PBXGroup;
			children = (
				9B2B65A116245C8600149ADD /* DetailListViewController.h */,
				9B2B65A216245C8600149ADD /* DetailListViewController.m */,
				A6944BFA16A1DA9C008476A4 /* Czaristite.ttf */,
				A6944BFD16A1E048008476A4 /* CzaristiteBold.ttf */,
				9B2B65A316245C8600149ADD /* DetailListViewController.xib */,
			);
			name = DetailList;
			sourceTree = "<group>";
		};
		9B5E9D6916393DD500DDDBDD /* ProfileVIew */ = {
			isa = PBXGroup;
			children = (
				9B5E9D6B16393FD300DDDBDD /* 111-user.png */,
				9B5E9D5B1639397600DDDBDD /* ProfileViewController.h */,
				9B5E9D5C1639397600DDDBDD /* ProfileViewController.m */,
				9B5E9D5D1639397600DDDBDD /* ProfileViewController.xib */,
				9B2FAB3416A43A9900799538 /* MyProfileViewController.h */,
				9B2FAB3516A43A9900799538 /* MyProfileViewController.m */,
			);
			name = ProfileVIew;
			sourceTree = "<group>";
		};
		9B5E9D6A16393DF300DDDBDD /* MovieView */ = {
			isa = PBXGroup;
			children = (
				9B5E9D6316393C5700DDDBDD /* MovieViewController.h */,
				9B5E9D6416393C5700DDDBDD /* MovieViewController.m */,
				9B5E9D6516393C5700DDDBDD /* MovieViewController.xib */,
			);
			name = MovieView;
			sourceTree = "<group>";
		};
		A6D05C1016A610EB004C093C /* Wine */ = {
			isa = PBXGroup;
			children = (
				A6D05C1216A611C1004C093C /* WineViewController.h */,
				A6D05C1316A611C1004C093C /* WineViewController.m */,
				A6C78B4016A5C97200C58B1D /* WineList.json */,
				A6C78B4116A5C97200C58B1D /* WineObject.h */,
				A6C78B4216A5C97200C58B1D /* WineObject.m */,
				A6C78B3C16A5C97200C58B1D /* champagne-hugues-de-coulmet-maison-pierre-moncuit.png */,
				A6C78B3D16A5C97200C58B1D /* chateau-beard-la-chapelle-saint-emilion-grand-cru-2009.png */,
				A6C78B3E16A5C97200C58B1D /* julienas-2011-remi-paola-benon.png */,
				A6C78B3F16A5C97200C58B1D /* la-roche-beaucourt-2010-chateau-pierrail.png */,
				9B2B65A016245C8600149ADD /* bouteille15.png */,
				9B2B65F516245E9E00149ADD /* 142-wine-bottle.png */,
			);
			name = Wine;
			sourceTree = "<group>";
		};
		A6D05C1516A6121B004C093C /* YouTube */ = {
			isa = PBXGroup;
			children = (
				A6D05C1616A61249004C093C /* YouTubeViewController.h */,
				A6D05C1716A61249004C093C /* YouTubeViewController.m */,
				A6D05C1816A61249004C093C /* YouTubeViewController.xib */,
			);
			name = YouTube;
			sourceTree = "<group>";
		};
/* End PBXGroup section */

/* Begin PBXNativeTarget section */
		9B335C13160C9549004885DC /* TableView */ = {
			isa = PBXNativeTarget;
			buildConfigurationList = 9B335C2C160C9549004885DC /* Build configuration list for PBXNativeTarget "TableView" */;
			buildPhases = (
				9B335C10160C9549004885DC /* Sources */,
				9B335C11160C9549004885DC /* Frameworks */,
				9B335C12160C9549004885DC /* Resources */,
			);
			buildRules = (
			);
			dependencies = (
			);
			name = TableView;
			productName = TableView;
			productReference = 9B335C14160C9549004885DC /* TableView.app */;
			productType = "com.apple.product-type.application";
		};
/* End PBXNativeTarget section */

/* Begin PBXProject section */
		9B335C0B160C9549004885DC /* Project object */ = {
			isa = PBXProject;
			attributes = {
				LastUpgradeCheck = 0440;
				ORGANIZATIONNAME = EvaRousseau;
			};
			buildConfigurationList = 9B335C0E160C9549004885DC /* Build configuration list for PBXProject "TableView" */;
			compatibilityVersion = "Xcode 3.2";
			developmentRegion = English;
			hasScannedForEncodings = 0;
			knownRegions = (
				en,
			);
			mainGroup = 9B335C09160C9549004885DC;
			productRefGroup = 9B335C15160C9549004885DC /* Products */;
			projectDirPath = "";
			projectRoot = "";
			targets = (
				9B335C13160C9549004885DC /* TableView */,
			);
		};
/* End PBXProject section */

/* Begin PBXResourcesBuildPhase section */
		9B335C12160C9549004885DC /* Resources */ = {
			isa = PBXResourcesBuildPhase;
			buildActionMask = 2147483647;
			files = (
				9B2CE3D0161C7F3E00EFC86A /* CHANGELOG.md in Resources */,
				9B2CE3D2161C7F3E00EFC86A /* README.md in Resources */,
				9B2B65AA16245C8600149ADD /* bouteille15.png in Resources */,
				9B2B65AC16245C8600149ADD /* DetailListViewController.xib in Resources */,
				9B2B65AD16245C8600149ADD /* InfoPlist.strings in Resources */,
				9B2B65AF16245C8600149ADD /* TableView-Info.plist in Resources */,
				9B2B65D616245CAE00149ADD /* bouteille.png in Resources */,
				9B2B65D716245CAE00149ADD /* bouteille@2x.png in Resources */,
				9B2B65D916245CAE00149ADD /* DebuggerDetailViewController.xib in Resources */,
				9B2B65DE16245CAE00149ADD /* File.json in Resources */,
				9B2B65E016245CAE00149ADD /* LocalFileViewController.xib in Resources */,
				9B2B65F616245E9E00149ADD /* 142-wine-bottle.png in Resources */,
				9B2B65FD1624606600149ADD /* 137-presentation.png in Resources */,
				9B2B65FF162460B600149ADD /* 80-shopping-cart.png in Resources */,
				9B2B66011624613B00149ADD /* 123-id-card.png in Resources */,
				9B5E9D4E1639244400DDDBDD /* 43-film-roll.png in Resources */,
				9B5E9D5F1639397700DDDBDD /* ProfileViewController.xib in Resources */,
				9B5E9D6716393C5700DDDBDD /* MovieViewController.xib in Resources */,
				9B5E9D6C16393FD300DDDBDD /* 111-user.png in Resources */,
				9B86EFC8169EBAD500F9C8F9 /* logo.png in Resources */,
				A6944BFB16A1DA9C008476A4 /* Czaristite.ttf in Resources */,
				A6944BFE16A1E048008476A4 /* CzaristiteBold.ttf in Resources */,
				9B2FAB1816A4092B00799538 /* SampleLoad.json in Resources */,
				9B1B612016A5934500731232 /* LessonList.json in Resources */,
				A6C78B4416A6039E00C58B1D /* WineList.json in Resources */,
				A6D05C1A16A61249004C093C /* YouTubeViewController.xib in Resources */,
			);
			runOnlyForDeploymentPostprocessing = 0;
		};
/* End PBXResourcesBuildPhase section */

/* Begin PBXSourcesBuildPhase section */
		9B335C10160C9549004885DC /* Sources */ = {
			isa = PBXSourcesBuildPhase;
			buildActionMask = 2147483647;
			files = (
				A6C78B4316A5D14500C58B1D /* WineObject.m in Sources */,
				9B335C31160C956E004885DC /* DataListViewController.m in Sources */,
				9B335C39160CA04A004885DC /* CustomCell.m in Sources */,
				9B2CE3C3161C7E3100EFC86A /* iCarousel.m in Sources */,
				9B2CE3C9161C7E3900EFC86A /* LBYouTubePlayerController.m in Sources */,
				9B2CE3CA161C7E3900EFC86A /* LBYouTubePlayerViewController.m in Sources */,
				9B2CE3D1161C7F3E00EFC86A /* JSONKit.m in Sources */,
				9B2B65A916245C8600149ADD /* AppDelegate.m in Sources */,
				9B2B65AB16245C8600149ADD /* DetailListViewController.m in Sources */,
				9B2B65AE16245C8600149ADD /* main.m in Sources */,
				9B2B65D816245CAE00149ADD /* DebuggerDetailViewController.m in Sources */,
				9B2B65DA16245CAE00149ADD /* DebuggerViewController.m in Sources */,
				9B2B65DB16245CAE00149ADD /* DownloadManager.m in Sources */,
				9B2B65DC16245CAE00149ADD /* DownloadOperation.m in Sources */,
				9B2B65DF16245CAE00149ADD /* LocalFileViewController.m in Sources */,
				9B2B65E316245CAE00149ADD /* PerformanceCell.m in Sources */,
				9B2B65E416245CAE00149ADD /* PerformancesViewController.m in Sources */,
				9B2B65E616245CAE00149ADD /* YouTubeManager.m in Sources */,
				9B2B65E716245CAE00149ADD /* YouTubeVideo.m in Sources */,
				9B2B65F916245FB800149ADD /* LessonViewController.m in Sources */,
				9B2B6605162461D700149ADD /* OrderViewController.m in Sources */,
				9B5E9D5E1639397700DDDBDD /* ProfileViewController.m in Sources */,
				9B5E9D6616393C5700DDDBDD /* MovieViewController.m in Sources */,
				9B2FAB1716A4092B00799538 /* SampleLoadViewController.m in Sources */,
				9B2FAB1916A4092B00799538 /* Contact.m in Sources */,
				9B2FAB3616A43A9900799538 /* MyProfileViewController.m in Sources */,
				9B2FAB3D16A4538300799538 /* DetailWineViewController.m in Sources */,
				9B1B611E16A5915B00731232 /* LessonObject.m in Sources */,
				9B1B612316A597AA00731232 /* DetailLessonViewController.m in Sources */,
				A6D05C1416A611C1004C093C /* WineViewController.m in Sources */,
				A6D05C1916A61249004C093C /* YouTubeViewController.m in Sources */,
			);
			runOnlyForDeploymentPostprocessing = 0;
		};
/* End PBXSourcesBuildPhase section */

/* Begin PBXVariantGroup section */
		9B2B65A416245C8600149ADD /* InfoPlist.strings */ = {
			isa = PBXVariantGroup;
			children = (
				9B2B65A516245C8600149ADD /* en */,
			);
			name = InfoPlist.strings;
			sourceTree = "<group>";
		};
/* End PBXVariantGroup section */

/* Begin XCBuildConfiguration section */
		9B335C2A160C9549004885DC /* Debug */ = {
			isa = XCBuildConfiguration;
			buildSettings = {
				ALWAYS_SEARCH_USER_PATHS = NO;
				ARCHS = "$(ARCHS_STANDARD_32_BIT)";
				CLANG_CXX_LANGUAGE_STANDARD = "gnu++0x";
				CLANG_ENABLE_OBJC_ARC = YES;
				CLANG_WARN__DUPLICATE_METHOD_MATCH = YES;
				"CODE_SIGN_IDENTITY[sdk=iphoneos*]" = "iPhone Developer";
				COPY_PHASE_STRIP = NO;
				GCC_C_LANGUAGE_STANDARD = gnu99;
				GCC_DYNAMIC_NO_PIC = NO;
				GCC_OPTIMIZATION_LEVEL = 0;
				GCC_PREPROCESSOR_DEFINITIONS = (
					"DEBUG=1",
					"$(inherited)",
				);
				GCC_SYMBOLS_PRIVATE_EXTERN = NO;
				GCC_VERSION = com.apple.compilers.llvm.clang.1_0;
				GCC_WARN_ABOUT_RETURN_TYPE = YES;
				GCC_WARN_UNINITIALIZED_AUTOS = YES;
				GCC_WARN_UNUSED_VARIABLE = YES;
				IPHONEOS_DEPLOYMENT_TARGET = 5.1;
				SDKROOT = iphoneos;
			};
			name = Debug;
		};
		9B335C2B160C9549004885DC /* Release */ = {
			isa = XCBuildConfiguration;
			buildSettings = {
				ALWAYS_SEARCH_USER_PATHS = NO;
				ARCHS = "$(ARCHS_STANDARD_32_BIT)";
				CLANG_CXX_LANGUAGE_STANDARD = "gnu++0x";
				CLANG_ENABLE_OBJC_ARC = YES;
				CLANG_WARN__DUPLICATE_METHOD_MATCH = YES;
				"CODE_SIGN_IDENTITY[sdk=iphoneos*]" = "iPhone Developer";
				COPY_PHASE_STRIP = YES;
				GCC_C_LANGUAGE_STANDARD = gnu99;
				GCC_VERSION = com.apple.compilers.llvm.clang.1_0;
				GCC_WARN_ABOUT_RETURN_TYPE = YES;
				GCC_WARN_UNINITIALIZED_AUTOS = YES;
				GCC_WARN_UNUSED_VARIABLE = YES;
				IPHONEOS_DEPLOYMENT_TARGET = 5.1;
				OTHER_CFLAGS = "-DNS_BLOCK_ASSERTIONS=1";
				SDKROOT = iphoneos;
				VALIDATE_PRODUCT = YES;
			};
			name = Release;
		};
		9B335C2D160C9549004885DC /* Debug */ = {
			isa = XCBuildConfiguration;
			buildSettings = {
				GCC_PRECOMPILE_PREFIX_HEADER = YES;
				GCC_PREFIX_HEADER = "TableView/TableView-Prefix.pch";
				INFOPLIST_FILE = "TableView/TableView-Info.plist";
				IPHONEOS_DEPLOYMENT_TARGET = 5.1;
				PRODUCT_NAME = "$(TARGET_NAME)";
				TARGETED_DEVICE_FAMILY = 1;
				WRAPPER_EXTENSION = app;
			};
			name = Debug;
		};
		9B335C2E160C9549004885DC /* Release */ = {
			isa = XCBuildConfiguration;
			buildSettings = {
				GCC_PRECOMPILE_PREFIX_HEADER = YES;
				GCC_PREFIX_HEADER = "TableView/TableView-Prefix.pch";
				INFOPLIST_FILE = "TableView/TableView-Info.plist";
				IPHONEOS_DEPLOYMENT_TARGET = 5.1;
				PRODUCT_NAME = "$(TARGET_NAME)";
				TARGETED_DEVICE_FAMILY = 1;
				WRAPPER_EXTENSION = app;
			};
			name = Release;
		};
/* End XCBuildConfiguration section */

/* Begin XCConfigurationList section */
		9B335C0E160C9549004885DC /* Build configuration list for PBXProject "TableView" */ = {
			isa = XCConfigurationList;
			buildConfigurations = (
				9B335C2A160C9549004885DC /* Debug */,
				9B335C2B160C9549004885DC /* Release */,
			);
			defaultConfigurationIsVisible = 0;
			defaultConfigurationName = Release;
		};
		9B335C2C160C9549004885DC /* Build configuration list for PBXNativeTarget "TableView" */ = {
			isa = XCConfigurationList;
			buildConfigurations = (
				9B335C2D160C9549004885DC /* Debug */,
				9B335C2E160C9549004885DC /* Release */,
			);
			defaultConfigurationIsVisible = 0;
			defaultConfigurationName = Release;
		};
/* End XCConfigurationList section */
	};
	rootObject = 9B335C0B160C9549004885DC /* Project object */;
}
